
Microsoft Visual Studio Solution File, Format Version 12.00
# Visual Studio 15
VisualStudioVersion = 15.0.27703.2018
MinimumVisualStudioVersion = 10.0.40219.1
Project("{FAE04EC0-301F-11D3-BF4B-00C04F79EFBC}") = "SalaryCalculator", "SalaryCalculator\SalaryCalculator.csproj", "{C873A96C-6587-40EC-ADD3-EE9B4A3CED38}"
EndProject
Global
	GlobalSection(SolutionConfigurationPlatforms) = preSolution
		Debug|Any CPU = Debug|Any CPU
		Release|Any CPU = Release|Any CPU
	EndGlobalSection
	GlobalSection(ProjectConfigurationPlatforms) = postSolution
		{C873A96C-6587-40EC-ADD3-EE9B4A3CED38}.Debug|Any CPU.ActiveCfg = Debug|Any CPU
		{C873A96C-6587-40EC-ADD3-EE9B4A3CED38}.Debug|Any CPU.Build.0 = Debug|Any CPU
		{C873A96C-6587-40EC-ADD3-EE9B4A3CED38}.Release|Any CPU.ActiveCfg = Release|Any CPU
		{C873A96C-6587-40EC-ADD3-EE9B4A3CED38}.Release|Any CPU.Build.0 = Release|Any CPU
	EndGlobalSection
	GlobalSection(SolutionProperties) = preSolution
		HideSolutionNode = FALSE
	EndGlobalSection
	GlobalSection(ExtensibilityGlobals) = postSolution
		SolutionGuid = {83D6C98C-2A34-4C69-B425-2F387EDE78EF}
	EndGlobalSection
EndGlobal
